
Microsoft Visual Studio Solution File, Format Version 12.00
# Visual Studio Version 17
VisualStudioVersion = 17.11.35327.3
MinimumVisualStudioVersion = 10.0.40219.1
Project("{FAE04EC0-301F-11D3-BF4B-00C04F79EFBC}") = "Task1", "Task1.csproj", "{53350120-6BBF-4A82-A086-59C3EA43D649}"
EndProject
Global
	GlobalSection(SolutionConfigurationPlatforms) = preSolution
		Debug|Any CPU = Debug|Any CPU
		Release|Any CPU = Release|Any CPU
	EndGlobalSection
	GlobalSection(ProjectConfigurationPlatforms) = postSolution
		{53350120-6BBF-4A82-A086-59C3EA43D649}.Debug|Any CPU.ActiveCfg = Debug|Any CPU
		{53350120-6BBF-4A82-A086-59C3EA43D649}.Debug|Any CPU.Build.0 = Debug|Any CPU
		{53350120-6BBF-4A82-A086-59C3EA43D649}.Release|Any CPU.ActiveCfg = Release|Any CPU
		{53350120-6BBF-4A82-A086-59C3EA43D649}.Release|Any CPU.Build.0 = Release|Any CPU
	EndGlobalSection
	GlobalSection(SolutionProperties) = preSolution
		HideSolutionNode = FALSE
	EndGlobalSection
	GlobalSection(ExtensibilityGlobals) = postSolution
		SolutionGuid = {DCC1B51A-1D52-4F27-8DA2-A57AF2F8A934}
	EndGlobalSection
EndGlobal
